
Microsoft Visual Studio Solution File, Format Version 12.00
# Visual Studio 15
VisualStudioVersion = 15.0.27428.2043
MinimumVisualStudioVersion = 10.0.40219.1
Project("{FAE04EC0-301F-11D3-BF4B-00C04F79EFBC}") = "TRABALHO_CINEMA", "TRABALHO_CINEMA\TRABALHO_CINEMA.csproj", "{3D50A950-7AD1-4917-A8B2-F2964EC029B9}"
EndProject
Project("{FAE04EC0-301F-11D3-BF4B-00C04F79EFBC}") = "ModelAndInterface", "Model\ModelAndInterface.csproj", "{0E818435-5065-4397-A18F-86A518071941}"
EndProject
Global
	GlobalSection(SolutionConfigurationPlatforms) = preSolution
		Debug|Any CPU = Debug|Any CPU
		Release|Any CPU = Release|Any CPU
	EndGlobalSection
	GlobalSection(ProjectConfigurationPlatforms) = postSolution
		{3D50A950-7AD1-4917-A8B2-F2964EC029B9}.Debug|Any CPU.ActiveCfg = Debug|Any CPU
		{3D50A950-7AD1-4917-A8B2-F2964EC029B9}.Debug|Any CPU.Build.0 = Debug|Any CPU
		{3D50A950-7AD1-4917-A8B2-F2964EC029B9}.Release|Any CPU.ActiveCfg = Release|Any CPU
		{3D50A950-7AD1-4917-A8B2-F2964EC029B9}.Release|Any CPU.Build.0 = Release|Any CPU
		{0E818435-5065-4397-A18F-86A518071941}.Debug|Any CPU.ActiveCfg = Debug|Any CPU
		{0E818435-5065-4397-A18F-86A518071941}.Debug|Any CPU.Build.0 = Debug|Any CPU
		{0E818435-5065-4397-A18F-86A518071941}.Release|Any CPU.ActiveCfg = Release|Any CPU
		{0E818435-5065-4397-A18F-86A518071941}.Release|Any CPU.Build.0 = Release|Any CPU
	EndGlobalSection
	GlobalSection(SolutionProperties) = preSolution
		HideSolutionNode = FALSE
	EndGlobalSection
	GlobalSection(ExtensibilityGlobals) = postSolution
		SolutionGuid = {8484D62B-28CB-40CF-802A-B9670635F70A}
	EndGlobalSection
EndGlobal
